{
    "_readme": [
        "This file locks the dependencies of your project to a known state",
        "Read more about it at http://getcomposer.org/doc/01-basic-usage.md#composer-lock-the-lock-file"
    ],
    "hash": "6e4ae87f3bd81f4119a1a1890d100c74",
    "packages": [
        {
            "name": "mashape/unirest-php",
            "version": "dev-master",
            "source": {
                "type": "git",
                "url": "https://github.com/Mashape/unirest-php.git",
                "reference": "e362fe01ec864e6d3363f750a2309aa1dd407a72"
            },
            "dist": {
                "type": "zip",
                "url": "https://api.github.com/repos/Mashape/unirest-php/zipball/e362fe01ec864e6d3363f750a2309aa1dd407a72",
                "reference": "e362fe01ec864e6d3363f750a2309aa1dd407a72",
                "shasum": ""
            },
            "require": {
                "ext-curl": "*",
                "ext-json": "*",
                "php": ">=5.3.0"
            },
            "require-dev": {
                "vierbergenlars/simpletest": "*"
            },
            "type": "library",
            "autoload": {
                "psr-0": {
                    "Unirest": "lib"
                }
            },
            "notification-url": "https://packagist.org/downloads/",
            "license": [
                "MIT"
            ],
            "authors": [
                {
                    "name": "Mashape",
                    "email": "support@mashape.com",
                    "homepage": "http://mashape.com"
                }
            ],
            "description": "Unirest PHP",
            "homepage": "https://github.com/Mashape/unirest-php",
            "keywords": [
                "client",
                "curl",
                "http",
                "rest"
            ],
            "time": "2014-05-01 19:54:50"
        },
        {
            "name": "oauth-io/oauth",
            "version": "0.3.0",
            "source": {
                "type": "git",
                "url": "https://github.com/oauth-io/sdk-php.git",
                "reference": "13ce2000002d4780a90bfb9cd0b66901f94750b1"
            },
            "dist": {
                "type": "zip",
                "url": "https://api.github.com/repos/oauth-io/sdk-php/zipball/13ce2000002d4780a90bfb9cd0b66901f94750b1",
                "reference": "13ce2000002d4780a90bfb9cd0b66901f94750b1",
                "shasum": ""
            },
            "require": {
                "mashape/unirest-php": "dev-master",
                "php": ">=5.3.0"
            },
            "require-dev": {
                "phpunit/phpunit": "4.0.*"
            },
            "type": "library",
            "autoload": {
                "psr-0": {
                    "OAuth_io": "src/"
                }
            },
            "notification-url": "https://packagist.org/downloads/",
            "license": [
                "Apache2"
            ],
            "authors": [
                {
                    "name": "oauth-io",
                    "email": "support@oauth.io"
                }
            ],
            "description": "OAuth that just works !",
            "time": "2014-09-25 12:12:49"
        }
    ],
    "packages-dev": [],
    "aliases": [],
    "minimum-stability": "stable",
    "stability-flags": {
        "mashape/unirest-php": 20
    },
    "platform": [],
    "platform-dev": []
}
